lockfileVersion: '9.0'

settings:
  autoInstallPeers: true
  excludeLinksFromLockfile: false

importers:
  .:
    dependencies:
      '@sendgrid/mail':
        specifier: ^8.1.6
        version: 8.1.6
      bcryptjs:
        specifier: ^3.0.3
        version: 3.0.3
      concurrently:
        specifier: ^8.2.2
        version: 8.2.2
      dotenv:
        specifier: ^17.2.1
        version: 17.2.3
      express:
        specifier: ^5.1.0
        version: 5.1.0
      jsonwebtoken:
        specifier: ^9.0.2
        version: 9.0.2
      node-cron:
        specifier: ^4.2.1
        version: 4.2.1
      pg:
        specifier: ^8.16.3
        version: 8.16.3
      qrcode.react:
        specifier: ^4.2.0
        version: 4.2.0(react@18.3.1)
      zod:
        specifier: ^3.25.76
        version: 3.25.76
    devDependencies:
      '@hookform/resolvers':
        specifier: ^5.2.1
        version: 5.2.2(react-hook-form@7.66.1(react@18.3.1))
      '@radix-ui/react-accordion':
        specifier: ^1.2.11
        version: 1.2.12(@types/react-dom@18.3.7(@types/react@18.3.27))(@types/react@18.3.27)(react-dom@18.3.1(react@18.3.1))(react@18.3.1)
      '@radix-ui/react-alert-dialog':
        specifier: ^1.1.14
        version: 1.1.15(@types/react-dom@18.3.7(@types/react@18.3.27))(@types/react@18.3.27)(react-dom@18.3.1(react@18.3.1))(react@18.3.1)
      '@radix-ui/react-aspect-ratio':
        specifier: ^1.1.7
        version: 1.1.8(@types/react-dom@18.3.7(@types/react@18.3.27))(@types/react@18.3.27)(react-dom@18.3.1(react@18.3.1))(react@18.3.1)
      '@radix-ui/react-avatar':
        specifier: ^1.1.10
        version: 1.1.11(@types/react-dom@18.3.7(@types/react@18.3.27))(@types/react@18.3.27)(react-dom@18.3.1(react@18.3.1))(react@18.3.1)
      '@radix-ui/react-checkbox':
        specifier: ^1.3.2
        version: 1.3.3(@types/react-dom@18.3.7(@types/react@18.3.27))(@types/react@18.3.27)(react-dom@18.3.1(react@18.3.1))(react@18.3.1)
      '@radix-ui/react-collapsible':
        specifier: ^1.1.11
        version: 1.1.12(@types/react-dom@18.3.7(@types/react@18.3.27))(@types/react@18.3.27)(react-dom@18.3.1(react@18.3.1))(react@18.3.1)
      '@radix-ui/react-context-menu':
        specifier: ^2.2.15
        version: 2.2.16(@types/react-dom@18.3.7(@types/react@18.3.27))(@types/react@18.3.27)(react-dom@18.3.1(react@18.3.1))(react@18.3.1)
      '@radix-ui/react-dialog':
        specifier: ^1.1.14
        version: 1.1.15(@types/react-dom@18.3.7(@types/react@18.3.27))(@types/react@18.3.27)(react-dom@18.3.1(react@18.3.1))(react@18.3.1)
      '@radix-ui/react-dropdown-menu':
        specifier: ^2.1.15
        version: 2.1.16(@types/react-dom@18.3.7(@types/react@18.3.27))(@types/react@18.3.27)(react-dom@18.3.1(react@18.3.1))(react@18.3.1)
      '@radix-ui/react-hover-card':
        specifier: ^1.1.14
        version: 1.1.15(@types/react-dom@18.3.7(@types/react@18.3.27))(@types/react@18.3.27)(react-dom@18.3.1(react@18.3.1))(react@18.3.1)
      '@radix-ui/react-label':
        specifier: ^2.1.7
        version: 2.1.8(@types/react-dom@18.3.7(@types/react@18.3.27))(@types/react@18.3.27)(react-dom@18.3.1(react@18.3.1))(react@18.3.1)
      '@radix-ui/react-menubar':
        specifier: ^1.1.15
        version: 1.1.16(@types/react-dom@18.3.7(@types/react@18.3.27))(@types/react@18.3.27)(react-dom@18.3.1(react@18.3.1))(react@18.3.1)
      '@radix-ui/react-navigation-menu':
        specifier: ^1.2.13
        version: 1.2.14(@types/react-dom@18.3.7(@types/react@18.3.27))(@types/react@18.3.27)(react-dom@18.3.1(react@18.3.1))(react@18.3.1)
      '@radix-ui/react-popover':
        specifier: ^1.1.14
        version: 1.1.15(@types/react-dom@18.3.7(@types/react@18.3.27))(@types/react@18.3.27)(react-dom@18.3.1(react@18.3.1))(react@18.3.1)
      '@radix-ui/react-progress':
        specifier: ^1.1.7
        version: 1.1.8(@types/react-dom@18.3.7(@types/react@18.3.27))(@types/react@18.3.27)(react-dom@18.3.1(react@18.3.1))(react@18.3.1)
      '@radix-ui/react-radio-group':
        specifier: ^1.3.7
        version: 1.3.8(@types/react-dom@18.3.7(@types/react@18.3.27))(@types/react@18.3.27)(react-dom@18.3.1(react@18.3.1))(react@18.3.1)
      '@radix-ui/react-scroll-area':
        specifier: ^1.2.9
        version: 1.2.10(@types/react-dom@18.3.7(@types/react@18.3.27))(@types/react@18.3.27)(react-dom@18.3.1(react@18.3.1))(react@18.3.1)
      '@radix-ui/react-select':
        specifier: ^2.2.5
        version: 2.2.6(@types/react-dom@18.3.7(@types/react@18.3.27))(@types/react@18.3.27)(react-dom@18.3.1(react@18.3.1))(react@18.3.1)
      '@radix-ui/react-separator':
        specifier: ^1.1.7
        version: 1.1.8(@types/react-dom@18.3.7(@types/react@18.3.27))(@types/react@18.3.27)(react-dom@18.3.1(react@18.3.1))(react@18.3.1)
      '@radix-ui/react-slider':
        specifier: ^1.3.5
        version: 1.3.6(@types/react-dom@18.3.7(@types/react@18.3.27))(@types/react@18.3.27)(react-dom@18.3.1(react@18.3.1))(react@18.3.1)
      '@radix-ui/react-slot':
        specifier: ^1.2.3
        version: 1.2.4(@types/react@18.3.27)(react@18.3.1)
      '@radix-ui/react-switch':
        specifier: ^1.2.5
        version: 1.2.6(@types/react-dom@18.3.7(@types/react@18.3.27))(@types/react@18.3.27)(react-dom@18.3.1(react@18.3.1))(react@18.3.1)
      '@radix-ui/react-tabs':
        specifier: ^1.1.12
        version: 1.1.13(@types/react-dom@18.3.7(@types/react@18.3.27))(@types/react@18.3.27)(react-dom@18.3.1(react@18.3.1))(react@18.3.1)
      '@radix-ui/react-toast':
        specifier: ^1.2.14
        version: 1.2.15(@types/react-dom@18.3.7(@types/react@18.3.27))(@types/react@18.3.27)(react-dom@18.3.1(react@18.3.1))(react@18.3.1)
      '@radix-ui/react-toggle':
        specifier: ^1.1.9
        version: 1.1.10(@types/react-dom@18.3.7(@types/react@18.3.27))(@types/react@18.3.27)(react-dom@18.3.1(react@18.3.1))(react@18.3.1)
      '@radix-ui/react-toggle-group':
        specifier: ^1.1.10
        version: 1.1.11(@types/react-dom@18.3.7(@types/react@18.3.27))(@types/react@18.3.27)(react-dom@18.3.1(react@18.3.1))(react@18.3.1)
      '@radix-ui/react-tooltip':
        specifier: ^1.2.7
        version: 1.2.8(@types/react-dom@18.3.7(@types/react@18.3.27))(@types/react@18.3.27)(react-dom@18.3.1(react@18.3.1))(react@18.3.1)
      '@react-three/drei':
        specifier: ^9.122.0
        version: 9.122.0(@react-three/fiber@8.18.0(@types/react@18.3.27)(react-dom@18.3.1(react@18.3.1))(react@18.3.1)(three@0.176.0))(@types/react@18.3.27)(@types/three@0.176.0)(react-dom@18.3.1(react@18.3.1))(react@18.3.1)(three@0.176.0)(use-sync-external-store@1.6.0(react@18.3.1))
      '@react-three/fiber':
        specifier: ^8.18.0
        version: 8.18.0(@types/react@18.3.27)(react-dom@18.3.1(react@18.3.1))(react@18.3.1)(three@0.176.0)
      '@swc/core':
        specifier: ^1.13.3
        version: 1.15.3
      '@tailwindcss/typography':
        specifier: ^0.5.16
        version: 0.5.19(tailwindcss@3.4.18(tsx@4.20.6))
      '@tanstack/react-query':
        specifier: ^5.84.2
        version: 5.90.11(react@18.3.1)
      '@types/cors':
        specifier: ^2.8.19
        version: 2.8.19
      '@types/express':
        specifier: ^5.0.3
        version: 5.0.5
      '@types/node':
        specifier: ^24.2.1
        version: 24.10.1
      '@types/pg':
        specifier: ^8.15.6
        version: 8.15.6
      '@types/react':
        specifier: ^18.3.23
        version: 18.3.27
      '@types/react-dom':
        specifier: ^18.3.7
        version: 18.3.7(@types/react@18.3.27)
      '@types/three':
        specifier: ^0.176.0
        version: 0.176.0
      '@vitejs/plugin-react-swc':
        specifier: ^4.0.0
        version: 4.2.2(vite@7.2.4(@types/node@24.10.1)(jiti@1.21.7)(tsx@4.20.6))
      autoprefixer:
        specifier: ^10.4.21
        version: 10.4.22(postcss@8.5.6)
      class-variance-authority:
        specifier: ^0.7.1
        version: 0.7.1
      clsx:
        specifier: ^2.1.1
        version: 2.1.1
      cmdk:
        specifier: ^1.1.1
        version: 1.1.1(@types/react-dom@18.3.7(@types/react@18.3.27))(@types/react@18.3.27)(react-dom@18.3.1(react@18.3.1))(react@18.3.1)
      cors:
        specifier: ^2.8.5
        version: 2.8.5
      date-fns:
        specifier: ^4.1.0
        version: 4.1.0
      embla-carousel-react:
        specifier: ^8.6.0
        version: 8.6.0(react@18.3.1)
      framer-motion:
        specifier: ^12.23.12
        version: 12.23.24(react-dom@18.3.1(react@18.3.1))(react@18.3.1)
      globals:
        specifier: ^16.3.0
        version: 16.5.0
      input-otp:
        specifier: ^1.4.2
        version: 1.4.2(react-dom@18.3.1(react@18.3.1))(react@18.3.1)
      lucide-react:
        specifier: ^0.539.0
        version: 0.539.0(react@18.3.1)
      next-themes:
        specifier: ^0.4.6
        version: 0.4.6(react-dom@18.3.1(react@18.3.1))(react@18.3.1)
      postcss:
        specifier: ^8.5.6
        version: 8.5.6
      prettier:
        specifier: ^3.6.2
        version: 3.7.1
      react:
        specifier: ^18.3.1
        version: 18.3.1
      react-day-picker:
        specifier: ^9.8.1
        version: 9.11.2(react@18.3.1)
      react-dom:
        specifier: ^18.3.1
        version: 18.3.1(react@18.3.1)
      react-hook-form:
        specifier: ^7.62.0
        version: 7.66.1(react@18.3.1)
      react-resizable-panels:
        specifier: ^3.0.4
        version: 3.0.6(react-dom@18.3.1(react@18.3.1))(react@18.3.1)
      react-router-dom:
        specifier: ^6.30.1
        version: 6.30.2(react-dom@18.3.1(react@18.3.1))(react@18.3.1)
      recharts:
        specifier: ^2.12.7
        version: 2.15.4(react-dom@18.3.1(react@18.3.1))(react@18.3.1)
      serverless-http:
        specifier: ^3.2.0
        version: 3.2.0
      sonner:
        specifier: ^1.7.4
        version: 1.7.4(react-dom@18.3.1(react@18.3.1))(react@18.3.1)
      tailwind-merge:
        specifier: ^2.6.0
        version: 2.6.0
      tailwindcss:
        specifier: ^3.4.17
        version: 3.4.18(tsx@4.20.6)
      tailwindcss-animate:
        specifier: ^1.0.7
        version: 1.0.7(tailwindcss@3.4.18(tsx@4.20.6))
      three:
        specifier: ^0.176.0
        version: 0.176.0
      tsx:
        specifier: ^4.20.3
        version: 4.20.6
      typescript:
        specifier: ^5.9.2
        version: 5.9.3
      vaul:
        specifier: ^1.1.2
        version: 1.1.2(@types/react-dom@18.3.7(@types/react@18.3.27))(@types/react@18.3.27)(react-dom@18.3.1(react@18.3.1))(react@18.3.1)
      vite:
        specifier: ^7.1.2
        version: 7.2.4(@types/node@24.10.1)(jiti@1.21.7)(tsx@4.20.6)
      vitest:
        specifier: ^3.2.4
        version: 3.2.4(@types/node@24.10.1)(jiti@1.21.7)(tsx@4.20.6)

packages:

  '@hookform/resolvers@5.2.2':
    resolution: {integrity: sha512-AEJddw5pnJMvAP0u4LW9e2D0v61MrOKDPJLoGxLV2gB+bv8Z0irgN8qBQEf/P4gBTJDYOgJqz8j1bIqsGDV8gA==}
    peerDependencies:
      react: '*'
      react-hook-form: '*'
    dependencies:
      react-hook-form: 7.66.1(react@18.3.1)
    dev: true

  '@radix-ui/primitive@1.1.1':
    resolution: {integrity: sha512-yQ8oGX2QCh4oPbOkO0zW9PDdS8PnSFMaVFr1J3rI5tjlL2u2CwFTw98ZsxuwDEe8w4ZpXt9jW7pUbgSvNMq6vw==}
    dev: true

  '@sendgrid/client@8.1.6':
    resolution: {integrity: sha512-/BHu0hqwXNHr2aLhcXU7RmmlVqrdfrbY9KpaNj00KZHlVOVoRxRVrpOCabIB+91ISXJ6+mLM9vpaVUhK6TwBWA==}
    engines: {node: '>=12.*'}
    dependencies:
      '@sendgrid/helpers': 8.0.0
      axios: 1.7.5
    dev: false

  '@sendgrid/helpers@8.0.0':
    resolution: {integrity: sha512-Ze7WuW2Xzy5GT5WRx+yEv89fsg/pgy3T1E3FS0QEx0/VvRmigMZ5qyVGhJz4SxomegDkzXv/i0aFPpHKN8qdAA==}
    engines: {node: '>= 12.0.0'}
    dependencies:
      '@types/mime-types': 2.1.4
      mime-types: 2.1.35
    dev: false

  '@sendgrid/mail@8.1.6':
    resolution: {integrity: sha512-/ZqxUvKeEztU9drOoPC/8opEPOk+jLlB2q4+xpx6HVLq6aFu3pMpalkTpAQz8XfRfpLp8O25bh6pGPcHDCYpqg==}
    engines: {node: '>=12.*'}
    dependencies:
      '@sendgrid/client': 8.1.6
      '@sendgrid/helpers': 8.0.0
    dev: false

  '@types/mime-types@2.1.4':
    resolution: {integrity: sha512-lfU4b34TOzV+p1nPxX0EXtoLvl9vn3jkRGew482V4c1ZrD3QtSNv2modHZNUGqCWK50kmagc3bDtVS06y8zOYQ==}
    dev: false

  axios@1.7.5':
    resolution: {integrity: sha512-+ kwDw9Zo8MkMYJgoJxm7fRLHWXDj4fwWWxVjIkAqkAzpxNJ9V5VJ9M/pJVf8rn6S14Y7f/Ak8F3CRlDSf4NPQ==}
    engines: {node: '>= 14.16'}
    dependencies:
      follow-redirects: 1.15.6
      form-data: 4.0.0
      proxy-from-env: 1.1.0
    dev: false

  bcryptjs@3.0.3':
    resolution: {integrity: sha512-VelYXKsNT5r/+6zfXE/2l5tXxGrv6z4gVoXBGGqE5L8MNnL+S3+eHqKY8mfUIj9pPi8XM2mF7TiOVCWZMvn/TA==}
    dev: false

  concurrently@8.2.2':
    resolution: {integrity: sha512-1dP4gpXFzii//8Zt/g33BFzH9KWj7qHZjLN72RVWGw2irMScqJeDg2XEmAR2kil0KgtuYvVW2kNTW+svLPFhpw==}
    engines: {node: '>=14'}
    hasBin: true
    dependencies:
      chalk: 4.1.2
      commander: 11.1.0
      date-fns: 2.30.0
      lodash: 4.17.21
      rx: 4.1.1
    dev: false

  node-cron@4.2.1':
    resolution: {integrity: sha512-3ks8aHDMx7LCM5MeEMc+1f0T1OWqHR8hj6LpGqAHlQC5t4+SN4XWFYQFTR3gYAKcRp9xrwjXKGZCCZ5/h9/2Q==}
    dev: false

  pg@8.16.3':
    resolution: {integrity: sha512-5P3XFgJa0E7QSQhzZvNGUSCZaXjI7ESM1Hb6gDvRVp8b2nj59mRpAr1LxXFXXLlr7+JzvKkTpahAVQkGX8NJpQ==}
    engines: {node: '>= 8.0.0'}
    dependencies:
      buffer-writer: 2.0.0
      packet-reader: 1.4.0
      pg-connection-string: 2.7.0
      pg-pool: 3.7.0
      pg-protocol: 1.7.0
      pg-types: 2.2.0
      pgpass: 1.0.5
      postgres-array: 2.0.0
      postgres-bytea: 1.0.0
      postgres-date: 1.0.7
      postgres-interval: 1.2.1
    dev: false

  qrcode.react@4.2.0':
    resolution: {integrity: sha512-hJ1j9MdJLMuHyU1sTOEhqv5tMNkBRJMbKEWJZZR6H61SHxpFiHmGKNZJAzG9j7C8cj0qZV4KXxVvlYxj1qIIUg==}
    peerDependencies:
      react: '>=16.8'
      react-dom: '>=16.8'
    dependencies:
      qrcode: 1.5.3
      react: 18.3.1
      react-dom: 18.3.1(react@18.3.1)
    dev: false

  zod@3.25.76':
    resolution: {integrity: sha512-Hzjhs5PkiR95KY9s4s50SHYEF5bfExdRmhh7DkxjLQYUHdMNDVHWrB6gR1VLbdvN3+gZ99v+cQvvN/3++jZdQ==}
    dev: false

  dotenv@17.2.3':
    resolution: {integrity: sha512-TPuKJ1L4xv6WS6nzpzxMaJMJXdaGMSJN4dTZJv+7KvvXkMyNLqLXlwvLmVJKSo8XT9PuoD4bwk6v/p2ecW2+g==}
    engines: {node: '>=14'}
    dev: false

  express@5.1.0':
    resolution: {integrity: sha512-kRpC0RFVW2+M1/lBf9qvNBqVQB6vYFpAq5BgJc/dJkq3n7E7+4yrXQyvgqKCKVy13JRkqEVNyVuS9iFbMdqaEw==}
    engines: {node: '>= 16'}
    dependencies:
      accepts: 1.3.8
      body-parser: 1.20.3
      content-disposition: 0.5.4
      content-type: 1.0.5
      cookie: 0.6.0
      cookie-signature: 1.0.7
      debug: 4.3.4
      depd: 2.0.0
      encodeurl: 1.0.2
      escape-html: 1.0.3
      etag: 1.8.1
      finalhandler: 1.3.1
      fresh: 0.5.2
      http-errors: 2.0.0
      merge-descriptors: 1.0.1
      methods: 1.1.2
      middleware-stage: 0.1.5
      ms: 2.1.3
      path-to-regexp: 0.1.10
      proxy-addr: 2.0.7
      qs: 6.13.2
      range-parser: 1.2.1
      safe-buffer: 5.2.1
      send: 0.19.0
      serve-static: 1.16.2
      setprototypeof: 1.2.0
      statuses: 2.0.1
      toidentifier: 1.0.1
      type-is: 1.6.18
      utils-merge: 1.0.1
      vary: 1.1.2
    dev: false

  jsonwebtoken@9.0.2':
    resolution: {integrity: sha512-PRp66vJ865SSqOlgG1XaOGZAuHe6tsSLHAJvL2J7IGQvFmxB30s5KbeqyKw2KIvz7ih40QRkdarkness/WecukzQA==}
    engines: {node: '>=12'}
    dependencies:
      jwa: 1.4.1
      jws: 1.4.1
      lodash.includes: 4.3.0
      lodash.isboolean: 4.3.0
      lodash.isinteger: 4.0.4
      lodash.isnumber: 3.0.3
      lodash.isplainobject: 0.11.0
      lodash.isstring: 4.0.1
      lodash.once: 4.1.1
      ms: 2.1.3
      semver: 7.6.0
    dev: false

  '@types/cors@2.8.19':
    resolution: {integrity: sha512-t2s0S+7+NFK2H28xfPl6d5eqM8bLKGZ/TiJ+mN2VDXwz0rMvLTYqcsrV5OQVgDFEfBCh0LqWBb0V+2PHkA8jFA==}
    dev: true

  '@types/express@5.0.5':
    resolution: {integrity: sha512-7V0rAT1gZYkUBNXgIBwXx92wwGTVDlTLrZCp1/GKdtT7bwB7MhiXP5a0/WpnQiLVQ9RpXBxWYp3iAepHGmRnQ==}
    dependencies:
      '@types/body-parser': 1.19.5
      '@types/express-serve-static-core': 4.19.5
      '@types/qs': 6.9.15
      '@types/serve-static': 2.0.8
    dev: true

  '@types/node@24.10.1':
    resolution: {integrity: sha512-v2HS9qziAkUZkD7c6xmXxA/7T1F4q8nrhfyKhqm6Gj+moDNu+XJ10DGi1fQUMtaGjNX1OWQX0Q5mYaLYzMBZQ==}
    dependencies:
      undici-types: 6.19.8
    dev: true

  '@types/pg@8.15.6':
    resolution: {integrity: sha512-N4UeHaLhWnQRwBzYvWTz3CJ2/t8GD+HptCl1eGqFMUG0HHVl6eULwp3B2plajXdHKqG2Cxo5e/KYLXCAOB4aQ==}
    dependencies:
      '@types/node': 24.10.1
    dev: true

  '@types/react@18.3.27':
    resolution: {integrity: sha512-6Zf0yq+A3nA6gxAMJz6KIpQ7OhQ2nRwNiCqjGP46rLNlG1V9F3pXSNMO3FDQSRFv8t6VbEczQs/RKEaIJ96h8w==}
    dependencies:
      '@types/react-dom': 18.3.7(@types/react@18.3.27)
    dev: true

  '@types/react-dom@18.3.7':
    resolution: {integrity: sha512-CdKKEhLVP4BRKYYAyQ2DrU/dOOC7hm5XqGqhRbVFLqRFXIKfNWnLrAZ1QxVlQvp5kxiAOwJ1G0LGqV8p0e3A+g==}
    dependencies:
      '@types/react': 18.3.27
    dev: true

  '@types/three@0.176.0':
    resolution: {integrity: sha512-Tl0MZzF9kGYoN5XqGBHi+TUHX5nFh6J6eCm8OHlf9wk0PKWMfFfFy5zQYRCDyHGLyWp/Y8V2AHpEXNfJ2l8Pg==}
    dev: true

  '@vitejs/plugin-react-swc@4.2.2':
    resolution: {integrity: sha512-NZBQYTZ7eXvhV7mUyTPYU6xrXWpnGlXD2lqGrn3hWxGKWxpSc6q/0rCt7p1w2eGIGtA0V4GZFWlwZ9cSg4cGQ==}
    peerDependencies:
      vite: ^4.0.0 || ^5.0.0 || ^6.0.0 || ^7.0.0
    dependencies:
      '@swc/core': 1.15.3
      vite: 7.2.4(@types/node@24.10.1)(jiti@1.21.7)(tsx@4.20.6)
    dev: true

  autoprefixer@10.4.22':
    resolution: {integrity: sha512-6Fu0MWZZ1XlPu7YvKvBP+0w7snvE8Z2x5pcjqjQh6Zfz1fB7g6qcY+Bxe1RW5EhHbfJ2WkSBK6fqDEFm5rO4Q==}
    engines: {node: ^10 || ^12 || >=14}
    hasBin: true
    peerDependencies:
      postcss: ^8.1.0
    dependencies:
      browserslist: 4.22.2
      caniuse-lite: 1.0.30001627
      fraction.js: 4.3.7
      normalize-range: 0.1.2
      postcss: 8.5.6
      postcss-value-parser: 4.2.0
    dev: true

  class-variance-authority@0.7.1':
    resolution: {integrity: sha512-pKJe/gUlNDFwTf7dECZy9dHxVpHFpE/3XDaEm9XEXc0DGxaWLpMxeAf3eWCVx4zKP2jKk8ZiXwmFpP/eS8FWA==}
    dev: true

  clsx@2.1.1':
    resolution: {integrity: sha512-eYm0QWBtsPZgB3+/xB3MwWEjR7NLCstH8gET8o/W/d+6T3qcAK3V87ZoqvE0l7jfxQrohQtmASriFMazoCkFnQ==}
    engines: {node: '>=6'}
    dev: true

  cmdk@1.1.1':
    resolution: {integrity: sha512-aHWWdVQB6LQu0Qe7h4rj9HEJrS/N8V2o1MKQWdRXQXCkUqH2rL/KaHLJY85dQZf1t8KtVKqEOpMpCu/kbqM5g==}
    peerDependencies:
      react: ^18.0.0
      react-dom: ^18.0.0
    dependencies:
      '@radix-ui/primitive': 1.1.1
      react: 18.3.1
      react-dom: 18.3.1(react@18.3.1)
    dev: true

  cors@2.8.5':
    resolution: {integrity: sha512-KIHbLJqu73RGr/hnbrO9T0sL+fgqFQlnvMecsXKlp9Z4NobjG3+9+6YwP1nqIPQvcf71Bush9MTScrp3seQsOg==}
    engines: {node: '>= 0.10'}
    dependencies:
      object-assign: 4.1.1
      vary: 1.1.2
    dev: false

  date-fns@4.1.0':
    resolution: {integrity: sha512-HF0+CVqaLf7J6+sY4CjHfD7b2+eJwPNzWIQwQd+0NKk9F8R1i5W1t4L3QNTXLVvR1Nf0P8EJYSh2mwqK3gzKg==}
    dev: true

  embla-carousel-react@8.6.0':
    resolution: {integrity: sha512-4+gJYzNGMYHdOWB9LZbLBu0b1cD4QXJrNajE8vSphVLT3nDkDx5QAiLcqUzXqpvpLDPMvfquKqx9fRa4c2yQ==}
    peerDependencies:
      react: '>=16.8'
      react-dom: '>=16.8'
    dependencies:
      embla-carousel: 8.6.0
      react: 18.3.1
      react-dom: 18.3.1(react@18.3.1)
    dev: true

  framer-motion@12.23.24':
    resolution: {integrity: sha512-LG9MWYMSZYKBKfzE1+1pqfIMr7rBCwXcq9BFzLDhEV2xJrUKMfMFN7nLqPvK7sMxKdOCi7ZJNMfeLLZ1cOCfg==}
    dependencies:
      tslib: 2.6.3
    optionalDependencies:
      react: 18.3.1
      react-dom: 18.3.1(react@18.3.1)
    dev: true

  globals@16.5.0':
    resolution: {integrity: sha512-FvlYaKT4/vwcDQI2DjrpME9fheyN/PrSBDRBEy4ZCQA5hLXdPzn9tEPBHfR4rXRDiHyQx33gvyTLI6qKNY4w==}
    engines: {node: '>=18'}
    dev: true

  input-otp@1.4.2':
    resolution: {integrity: sha512-7kZ8vz3VN5FfePfF5j+5VQd9SxbCNvdTlMFAIwR4Rnx1QzrN8nA+DKfkGGVV7bKBQpZoV6CvbG+5PqN9BxXxQ==}
    peerDependencies:
      react: ^18.0.0
      react-dom: ^18.0.0
    dependencies:
      react: 18.3.1
      react-dom: 18.3.1(react@18.3.1)
    dev: true

  lucide-react@0.539.0':
    resolution: {integrity: sha512-I/4HHSmGSmR+zLEkqFgzuZVP2AKw6HE+hRd6eF9mRYZ8d0p0dGjCxHEF4HHm/Q9vUcHMDvdP9Wj/wvKHQ3dA==}
    peerDependencies:
      react: ^16.5.1 || ^17.0.0 || ^18.0.0
    dependencies:
      react: 18.3.1
    dev: true

  next-themes@0.4.6':
    resolution: {integrity: sha512-PvfK4Sm+G+HXqKVvvmLeY9LLfzjC3vT3vgK/dYr+g3WBXKh2+kXSZQM5sWTIKJ6TJGk8sDTvYkh2wrvQXnqWA==}
    peerDependencies:
      next: '*'
      react: ^16.8 || ^17.0.0 || ^18.0.0
      react-dom: ^16.8 || ^17.0.0 || ^18.0.0
    optionalDependencies:
      next: 14.2.4
      react: 18.3.1
      react-dom: 18.3.1(react@18.3.1)
    dev: true

  postcss@8.5.6':
    resolution: {integrity: sha512-z1iEX2z60PzY60LndqSMoRiIe2dM7gjIc5yrj61OPsZCjjqvN446SNibEapQMZP8uKpYrIigLvKvDcwUqiyQSA==}
    engines: {node: ^10 || ^12 || >=14}
    dependencies:
      nanoid: 3.3.7
      picocolors: 1.0.1
      source-map-js: 1.2.1
    dev: true

  prettier@3.7.1':
    resolution: {integrity: sha512-3wBXJ+F8nMslfBGtaazElhuCp+vMkZQvEWHFRBQCaLSYXZYWMjcJBR+0T2/nP/pR6M9FIZFfBCbkIqZFBi7eA==}
    engines: {node: '>=14'}
    hasBin: true
    dev: true

  react@18.3.1':
    resolution: {integrity: sha512-wS+hAgJShR0KhSvAPY+f3fxK41L7QxWoIQQxbC+5HcSJyLoDompZyqVrv6ZPQKdZyM/5qiLNcDA0RbjVjCKfsQ==}
    engines: {node: '>=0.10.0'}
    dependencies:
      loose-envify: 1.4.0
    dev: true

  react-day-picker@9.11.2':
    resolution: {integrity: sha512-aEIGqc2hquMNHvPwNqF5V0WF9zyD15wLf1nKQvLVZJNqkRJ6DVCVsQEiC6UQ/u7m9mGJADVsNwjX7HhyPdKeA==}
    peerDependencies:
      date-fns: '>=2.0.0'
      react: '>=16.8.0'
    dependencies:
      date-fns: 4.1.0
      react: 18.3.1
    dev: true

  react-dom@18.3.1':
    resolution: {integrity: sha512-8XjY6ZLDAj5TmrAN8DfSOkOqGksZQslapF6aXK7RBByZL265MvXK6overlay+4+Hl+/6V56zubMcWvEN8YPGe0Mw==}
    engines: {node: '>=0.10.0'}
    peerDependencies:
      react: ^18.3.1
    dependencies:
      react: 18.3.1
      scheduler: 0.25.0
    dev: true

  react-hook-form@7.66.1':
    resolution: {integrity: sha512-e6q4t2V0mAVVvW/qfC2/3LmV2ym9KHv1QiWqPK6JbVLyOBsNKM0oipELflFEYqV4O9F+3wk6NzL0cNLBxW0LA==}
    engines: {node: '>=12.22.0'}
    peerDependencies:
      react: '>=16.8'
    dependencies:
      react: 18.3.1
    dev: true

  react-resizable-panels@3.0.6':
    resolution: {integrity: sha512-pBJzfN+T7uPGzl2w1vVJNgDI8t8YhQXS3Q3KkZKQ+GUCZlBQZKsI3b4aEHAkfK2BFmvAC7tPMJPP3jAo7rELQ==}
    peerDependencies:
      react: '>=16.8.0'
      react-dom: '>=16.8.0'
    dependencies:
      react: 18.3.1
      react-dom: 18.3.1(react@18.3.1)
    dev: true

  react-router-dom@6.30.2':
    resolution: {integrity: sha512-z8MxDJo2cR0nfLDNKmlOtMZvPpHV7HUqhLI7x7Y8g+v1GvXBuPCu4wVd3cBrqLuNpGV/xGC6KrVl7Yr3jJlkg==}
    engines: {node: '>=14.0.0'}
    peerDependencies:
      react: '>=16.8'
      react-dom: '>=16.8'
    dependencies:
      '@remix-run/router': 1.19.2
      react: 18.3.1
      react-dom: 18.3.1(react@18.3.1)
    dev: true

  recharts@2.15.4':
    resolution: {integrity: sha512-EAOe4qR+DvgjWkV8WN6b0IHH7YcZSvK1TZaA3L5PqzGSdLt7n/xHCLjL6X7JCwPxLvaMNJ4pR2d/aR6wdSZ5w==}
    engines: {node: '>=14'}
    peerDependencies:
      react: ^16.0.0 || ^17.0.0 || ^18.0.0
      react-dom: ^16.0.0 || ^17.0.0 || ^18.0.0
    dependencies:
      classnames: 2.3.2
      eventemitter3: 5.0.1
      polished: 1.10.0
      react: 18.3.1
      react-dom: 18.3.1(react@18.3.1)
      recharts-scale: 0.4.5
    dev: true

  serverless-http@3.2.0':
    resolution: {integrity: sha512-TBHv0B2dkFKlnGE2KKlLsZRhL0+J/dEm3Vs5f0Fb96+B8oJ8Zzz7KNmY3TGbMJJSQJ5Ksqdb6aH7R1OMd6GQ==}
    dev: true

  sonner@1.7.4':
    resolution: {integrity: sha512-Kj1bOKrM1GJ3Bk5oEqNhQlFMgPj5gAKrJNqZnFzIB5BZIhOlrvh1pf5CPdqvyFfZdx/mzuPh2vEpKcnKiRz0Q==}
    peerDependencies:
      react: ^16.8 || ^17.0 || ^18.0
      react-dom: ^16.8 || ^17.0 || ^18.0
    dependencies:
      react: 18.3.1
      react-dom: 18.3.1(react@18.3.1)
    dev: true

  tailwind-merge@2.6.0':
    resolution: {integrity: sha512-EgwVtnjr4q8QCDKy4OY3p/DGEF8R4pY13vgf14DLjXJf8aVo3cC2+AczxA0lMU+0h0cCZyKPkfVUwYmxl/BkA==}
    dev: true

  tailwindcss@3.4.18':
    resolution: {integrity: sha512-L6fk0BjRkXnF6PVFZX8h38MzKAo3x7n/6+mLqrFpXZ0b7F3W4D2tHxKvQAJjKZqGlPd7iNnSuL0bY2qMSiA0w==}
    engines: {node: '>=14.0'}
    hasBin: true
    peerDependencies:
      '@parcel/css': ^1.0.0
      postcss: ^8.0.9
    peerDependenciesMeta:
      '@parcel/css':
        optional: true
      postcss:
        optional: true
    dependencies:
      '@alloc/quick-lru': 5.2.0
      arg: 5.0.2
      chokidar: 3.6.0
      didyoumean: 1.2.2
      dlv: 1.1.3
      fast-glob: 3.3.2
      glob-parent: 6.0.2
      jiti: 1.21.7
      lilconfig: 3.1.3
      micromatch: 4.0.5
      normalize-path: 3.0.0
      object-hash: 3.0.0
      picocolors: 1.0.1
      postcss: 8.5.6
      postcss-import: 15.1.0
      postcss-js: 4.0.1
      postcss-load-config: 4.0.2
      postcss-nested: 6.0.1
      postcss-selector-parser: 6.0.15
      resolve: 1.22.8
      sucrase: 3.35.0
      tsx: 4.20.6
    dev: true

  tailwindcss-animate@1.0.7':
    resolution: {integrity: sha512-bl6mpH3T7I3UFesUaubEtTAP6DBM2DXWcUji4YeorIkWe6zoombHtTaKDseuBzVDngc2dVtrMa8Uw5b7jVt/rA==}
    peerDependencies:
      tailwindcss: '>=3.0.0 || >=4.0.0-alpha'
    dependencies:
      tailwindcss: 3.4.18(tsx@4.20.6)
    dev: true

  three@0.176.0':
    resolution: {integrity: sha512-G6bADfvFddNZbgF2x3XHEJpmz/Y+OfgW8v8hj/qF2Jv+cM9z6tTjy75TpT9yLZfqxqn0/fHYbIqRnDEXmxJA==}
    dev: true

  tsx@4.20.6':
    resolution: {integrity: sha512-P2+wXm+bkXhGKW3zZfcDEYn5V1lxJR3b+3GHM0KwQGTlJSk+G2l/mCQU/+OgvXrWTKmhVd7cXNpNP2iS8F8fQ==}
    engines: {node: '>=18.0.0'}
    hasBin: true
    dependencies:
      esbuild: 0.23.1
      get-tsconfig: 4.8.0
    dev: true

  typescript@5.9.3':
    resolution: {integrity: sha512-Aw+yKGVBmn+DI8txlNsXp7qk9PJpbdJTJ9Ydtn3uITwVVBl/3c1nLMZ7P0p29KJxE7hYcr7PkkSW/CQiJQ7w==}
    engines: {node: '>=14.17'}
    hasBin: true
    dev: true

  vaul@1.1.2':
    resolution: {integrity: sha512-mHj4b8dE4pZCxUnpKnGFmzTx0blYf0rp7I0gB2Dp7WRrQJzFKTqV3FPVWc4zYBfZTMVHh2rN6swL4wm9rJ+Ag==}
    peerDependencies:
      react: ^16.8 || ^17.0 || ^18.0
      react-dom: ^16.8 || ^17.0 || ^18.0
    dependencies:
      react: 18.3.1
      react-dom: 18.3.1(react@18.3.1)
    dev: true

  vite@7.2.4':
    resolution: {integrity: sha512-9Ky9E0sCF0w9LgxR9hxFEqwCWHAD9x2j7jVFsKaF+Zdzc95H3oCTMFJ1FI1DmkCXNzFcYp3xHWWZKJBr0FqEw==}
    engines: {node: ^18.0.0 || >=20.0.0}
    hasBin: true
    peerDependencies:
      '@types/node': ^18.0.0 || >=20.0.0
      jiti: ^1.21.0
      optionator: ^0.9.4
      postcss: ^8.4.38
      sass: ^1.69.5
      sass-embedded: ^1.69.5
      sugarss: ^2.0.0
      tsx: ^4.8.2
    peerDependenciesMeta:
      '@types/node':
        optional: true
      jiti:
        optional: true
      optionator:
        optional: true
      postcss:
        optional: true
      sass:
        optional: true
      sass-embedded:
        optional: true
      sugarss:
        optional: true
      tsx:
        optional: true
    dependencies:
      '@types/node': 24.10.1
      jiti: 1.21.7
      tsx: 4.20.6
    dev: true

  vitest@3.2.4':
    resolution: {integrity: sha512-B7k5lCPr7QF2RuCCjJDd4bPW+kfAJ3FW0TqTh7EGBWz/t/G0rL8qqNZBYJJSBDJF2sZqv8b8lbg1HCqXhHQSQ==}
    engines: {node: ^18.0.0 || >=20.0.0}
    hasBin: true
    peerDependencies:
      '@edge-runtime/vm': '*'
      '@vitest/coverage-v8': '*'
      '@vitest/ui': '*'
      jiti: ^1.21.0
      jsx-runtime: '*'
      optionator: ^0.9.4
      tsx: ^4.8.2
      unplugin-swc: '*'
    peerDependenciesMeta:
      '@edge-runtime/vm':
        optional: true
      '@vitest/coverage-v8':
        optional: true
      '@vitest/ui':
        optional: true
      jiti:
        optional: true
      jsx-runtime:
        optional: true
      optionator:
        optional: true
      tsx:
        optional: true
      unplugin-swc:
        optional: true
    dependencies:
      '@types/node': 24.10.1
      jiti: 1.21.7
      tsx: 4.20.6
    dev: true

  buffer-writer@2.0.0:
    resolution: {integrity: sha512-a7ZpwhXTi137v8lGk+RZmXYw5PjA0hUtasCGc+4A+4zPOMVQlqWd+60PaLhz6sh6EHP3EQual9V3U7HogeOAOg==}
    engines: {node: '>=6.0.0'}
    dev: false

  packet-reader@1.4.0:
    resolution: {integrity: sha512-kyERaqWm2zr6IGb/3D0+/eL7r5xJf8+gwVIh1WoAnz0SHCAiupApkOD0C7TKVhc9p5d1V+Gkxlwk0G0V+XTkw==}
    engines: {node: '>=6.0.0'}
    dev: false

  pg-connection-string@2.7.0:
    resolution: {integrity: sha512-PI2yuUHc/q55BjM8d93chwKsK7wYr+wKBauWLFg5DL+4bXh/WcsvtzneU3EsEQ84j3ow/ot1Fvs40c7+bzysA==}
    dev: false

  pg-pool@3.7.0:
    resolution: {integrity: sha512-ZqNw8tcf1535qZNfWjpzVDL1F0vo4GnterLIDnucEYXidVzncomplete==}
    engines: {node: '>=12.0.0'}
    dev: false

  pg-protocol@1.7.0:
    resolution: {integrity: sha512-hTK0sAvjnUQS2SGQlC4ZOtVCVf4I5G5ZMOA7b+MpASH374CGPs45row5drQQZWO7g7TCuEuvzuAxbCu9/8jxg==}
    dev: false

  pg-types@2.2.0:
    resolution: {integrity: sha512-qTAAlrEsl8aNtLCG/Xt+uP+KJqSDlHiMAdRKHsZWE+3aEg/nxKp/PuYTO3zsmQR08ugtqjr9coKfvN2GNqGA==}
    engines: {node: '>=6.4.0'}
    dependencies:
      postgres-array: 2.0.0
      postgres-bytea: 1.0.0
      postgres-date: 1.0.7
      postgres-interval: 1.2.1
    dev: false

  pgpass@1.0.5:
    resolution: {integrity: sha512-FdW9r/jQZhSeohs1Z3sI1yxFQNKGH+cDWwPjnfiqrk+NJVeKVPA6zaiQCxEM/9E7g6u0jtHRsoMkG16NyGOSg==}
    dependencies:
      split2: 4.2.0
    dev: false

  postgres-array@2.0.0:
    resolution: {integrity: sha512-VpEoJn0yIeSou7bQxpilbHassWznInGygVN5V+wZisuuf8ph5HPGeYW0cnnoji+q0uTO8/zxvsAmWnoanvb07w==}
    engines: {node: '>=6.0'}
    dev: false

  postgres-bytea@1.0.0:
    resolution: {integrity: sha512-xy3pmLuQqXFSuJteZAVVeKcyIVPj9K+S+P8RnxfzpydLauxvMsKiey5+DH9AzhY2ntvhAruNSXD4+W4x1msqw==}
    engines: {node: '>=0.10.0'}
    dev: false

  postgres-date@1.0.7:
    resolution: {integrity: sha512-suDmjLVQg78nMK07fBQlygrymquegND+O0xml76ewNYMXrUfvz+B3+7iCf7duvjSoOv5ZIcSrumb+psDqQw==}
    engines: {node: '>=0.10.0'}
    dev: false

  postgres-interval@1.2.1:
    resolution: {integrity: sha512-K5/6tfYVUPJaLwC1E+bspHmj2y+Cc+F/2lAeKYFWuWISrFwX+8BxPB0nP5SEGAkZLWJjdI3Ip1NJ5+XtC0gNA==}
    engines: {node: '>=0.10.0'}
    dependencies:
      bnf-parser: 3.3.0
      long: 5.2.3
    dev: false

  qrcode@1.5.3:
    resolution: {integrity: sha512-puyGalaxy/pDQIYmxvnz+8asHS59a0tMk8OWx/tf7Kcbt/Iuu3ijWpG/mWmro+7PQKcZ609zXn2058muD1Rfyvw==}
    engines: {node: '>=10.13.0'}
    hasBin: true
    dependencies:
      dijkstrajs: 1.0.1
      encode-utf8: 1.0.3
      iconv-lite: 0.6.3
      semver: 7.6.0
    dev: false

  '@swc/core@1.15.3':
    resolution: {integrity: sha512-C6xj70bGrFi+yyDCJY4Ndo8XJKEaZdKqMGWKrJNn6Y1hc78L5UjBpDiJPwPNdVCfLHMmqBKFBkV0Cs3uQiXg==}
    engines: {node: '>=10'}
    requiresBuild: true
    dependencies:
      '@swc/counter': 0.1.3
      '@swc/types': 0.1.13
    dev: true
    optional: true

  '@swc/counter@0.1.3':
    resolution: {integrity: sha512-e2BR4lsJkkCHS5MmJF7oNwuuji3+HFKS3cnmjgYRZt8cqIWbMVM0nvBAgqydruG0nHTt7T/T804SKuJW5XfCOw==}
    dev: true
    optional: true

  '@swc/types@0.1.13':
    resolution: {integrity: sha512-4t0/Gkjv5OJ5X4Hdy2Z3nCHppuI+sVVc7BhJePjRV9uCdm8HLqxAx5g7cIHGqPd5Y8K5S1I+NvTxTXaD8E8Ow==}
    dev: true

  '@tailwindcss/typography@0.5.19':
    resolution: {integrity: sha512-7ViBzzz8NL88sL2hQnpRRQW7m0TvnJEj6rYM7R9z0Dtp8YLFvBD9YFmEYPzX8rRhv8hZQ/+FaHwWyHYSSwESg==}
    peerDependencies:
      tailwindcss: '>=3.0'
    dependencies:
      tailwindcss: 3.4.18(tsx@4.20.6)
    dev: true

  '@tanstack/react-query@5.90.11':
    resolution: {integrity: sha512-3IM4o+xr3t+MqEwxvdJbU8F+g8w4RDPnJl3YLVwVLKC0qPgpWEQGgrYbqc3qEVqGEFjQSYvP8/h3f4X2Q2EA==}
    peerDependencies:
      react: ^16.8 || ^17.0 || ^18.0
    dependencies:
      '@tanstack/query-core': 5.90.11
      react: 18.3.1
    dev: true

  '@tanstack/query-core@5.90.11':
    resolution: {integrity: sha512-+a0t+sZcWDjL5O0B6V3gLQVpLo7IVzpVPEz5FG3ztbGOyDEWHqbDqzGzGxVFKqMAVLQn8Fy8Nys+zP9J5Eiyg==}
    dev: true

  '@types/body-parser@1.19.5':
    resolution: {integrity: sha512-fB3Zu92ucau0iQ0JMCF23VO7mEZ7K0iFLEo8sqIHlV5mcnm8NYEvAApo9J40I6YUUArBvf+KVeJrXP4mbRxWtw==}
    dependencies:
      '@types/connect': 3.4.38
      '@types/node': 24.10.1
    dev: true

  '@types/connect@3.4.38':
    resolution: {integrity: sha512-K6uROf1LD88uDQqJCktA4nPjoGjp0g+/dGG57kmmXMLVl3B8sFnN8TcULY58wFL8Fskeleton===}
    dependencies:
      '@types/node': 24.10.1
    dev: true

  '@types/express-serve-static-core@4.19.5':
    resolution: {integrity: sha512-y64CauqsLSwJgeEnRs6ZSH5KmDM5NjW5eFrzVrKShKGXUfkzyWM6KsBLjL9g/NAjMvzS34uYQxCyDDSL5newfQ==}
    dependencies:
      '@types/node': 24.10.1
      '@types/qs': 6.9.15
      '@types/range-parser': 1.2.7
      '@types/send': 0.17.4
      '@types/serve-static': 2.0.8
    dev: true

  '@types/mime-types@2.1.4':
    resolution: {integrity: sha512-lfU4b34TOzV+p1nPxX0EXtoLvl9vn3jkRGew482V4c1ZrD3QtSNv2modHZNUGqCWK50kmagc3bDtVS06y8zOYQ==}
    dev: false

  '@types/qs@6.9.15':
    resolution: {integrity: sha512-uXHQKES6DQKsSiLiDZBA0BmewKo8t7E1To4rq0Fv8O0JUGd7PvMqB4utTfAWnZs1}
    dev: true

  '@types/range-parser@1.2.7':
    resolution: {integrity: sha512-hCS+mJKY7ul4dMt17iE/O8Ut60yI5EkinIcmoWuXVccysSpQfreXD2dkjZhSQvCf92Pp0PCf5wnIe40eDkgqrw==}
    dev: true

  '@types/send@0.17.4':
    resolution: {integrity: sha512-x2unjwDYeDS7jNcxycxogxEJt4+CqQ5kTA+IPI3ZtlULAbtIROStUvDloKoWfEZQ+ReccNc4uZyXeXMwul+/Rw==}
    dependencies:
      '@types/mime': 1.3.5
      '@types/node': 24.10.1
    dev: true

  '@types/serve-static@2.0.8':
    resolution: {integrity: sha512-2p4o/0bQqUcZ4VgxzKZBJBuVfx2BLf7EJrRWHfTEQfJXN5V8OKWVMM1hOQxFWZ3uV2i1z2CpEXfOJaD/sRjog==}
    dependencies:
      '@types/mime': 1.3.5
      '@types/node': 24.10.1
    dev: true

  '@types/mime@1.3.5':
    resolution: {integrity: sha512-/pyH8P5n0aIQJDb8akprArsCaNSfrtkJxksLmRHXzEIkfZMult/S+OmDjoDKYstellung==}
    dev: true

  accepts@1.3.8:
    resolution: {integrity: sha512-PYAthTYghIRhqe6ZwuZDtKksIY2QoPQT+62ypk9KLMyWbsaafRJ8plaFeFPP5LIuc9Z1g+jzohyTxpj3weima8A==}
    engines: {node: '>= 0.6'}
    dependencies:
      mime-types: 2.1.35
      negotiator: 0.6.3
    dev: false

  assertion-error@1.1.0:
    resolution: {integrity: sha512-jgsqyF0/e6/3NvzNwzTUBL7Z7RNQA73CJxEVVSBJ81mwvtK6KO0By2 chiesGy0mp4iUg/i3VsLNsKrtke4afMeA==}
    dev: false

  body-parser@1.20.3:
    resolution: {integrity: sha512-7rAxByjUMqQ3/bHJy7D6OGXvx/0iGrIKytA+jnFGllQQNkwTHMAC+x8/6NWAPwigP6VvCNRVe8CRE16sP5G+Hw==}
    engines: {node: '>= 0.8', npm: 1.2.8000 || >= 1.4.16}
    dependencies:
      bytes: 3.1.2
      content-disposition: 0.5.4
      content-type: 1.0.5
      debug: 4.3.4
      depd: 2.0.0
      destroy: 1.0.4
      http-errors: 2.0.0
      iconv-lite: 1.4.4
      on-finished: 2.4.1
      qs: 6.13.2
      raw-body: 2.5.2
      type-is: 1.6.18
      unpipe: 1.0.0
    dev: false

  bytes@3.1.2:
    resolution: {integrity: sha512-/Nf7TyzpQWYDlSqwhYella7z+AqNULBCKoiL5uJ0wCVMpYkUmGUmFN9V1CSoqQQkXTaUn88/FIW2yLNf95EJXQ==}
    engines: {node: '>= 0.8'}
    dev: false

  caniuse-lite@1.0.30001627:
    resolution: {integrity: sha512-dMjAvSVIe6bXFvJ6qNW/fxV1RTsf+gzY5dMgwkGneTXXNcJtLWt/zj3+b16ggSz9tBL+F7A7XNPgfP5HHhXlA==}
    dev: true

  chalk@4.1.2:
    resolution: {integrity: sha512-oKnbhFyRIXpnozKpiPWMiAo4D82JFuncg34vs2cucWOP2o5g4uPnLHQCMoD6NuMolRDkqCStatusRgotVfl2NSUw==}
    engines: {node: '>=10'}
    dependencies:
      ansi-styles: 4.3.0
      supports-color: 7.2.0
    dev: false

  chokidar@3.6.0:
    resolution: {integrity: sha512-7VT13fmjotKpGipCW5l3iCOyW6mzqKNcI+/566+invHnWtInllogqd57Gs0buXwSCds7E2gB41winPERT800lA==}
    engines: {node: '>= 8.10.0'}
    dependencies:
      anymatch: 3.1.3
      braceExpand: 1.1.8
      fsevents: 2.3.3
      glob-parent: 6.0.2
      is-binary-path: 2.1.0
      is-glob: 4.0.3
      normalize-path: 3.0.0
      readdirp: 3.6.0
    optionalDependencies:
      fsevents: 2.3.3
    dev: true

  classnames@2.3.2:
    resolution: {integrity: sha512-bhI2aQchxyyO/41+4QQDRm+uwJ/vvnSreKuvSlettZv6v6+aligned9xWCuvP/6UoDVH7N8Yv25yy3bfwCdDMZA==}
    dev: true

  commander@11.1.0:
    resolution: {integrity: sha512-yPVSJwVNFrNDkwkcNmSCMjBBzV0ndHyF415dYT+/8/8MvlZksdzVcEMIQUlOHRrLeGlGDxMvCc5zEelf5miIAQ==}
    engines: {node: '>=16'}
    dev: false

  content-disposition@0.5.4:
    resolution: {integrity: sha512-FveZTNuGw04cxlAiWbzi6qwhcSkaRrvvWQ+DwEi3fpXcNewc8YaILF+zqoDLEzVLQvRrulesbyknqjQwRCEO7A==}
    engines: {node: '>= 0.6'}
    dependencies:
      safe-buffer: 5.2.1
    dev: false

  content-type@1.0.5:
    resolution: {integrity: sha512-nTjqfcPe3rwQHeEkelDluLVXT3Qeo2ZvkreSvNrKvZeF+Y5PFABIIlmIMtfU7ZnCD4UNOVenosqJ+aXsweQsqw==}
    engines: {node: '>= 0.6'}
    dev: false

  cookie-signature@1.0.7:
    resolution: {integrity: sha512-C9wcjNe+RHac40BM4yl41h9MI3zqVDqFT6B82btvB9UE1z/fc9SPa6qIqthZBJ5waJ2EqJaW7YjLjMA6gduTUw==}
    dev: false

  cookie@0.6.0:
    resolution: {integrity: sha512-U71wyQlF1V1GzNVCCjNxo60mk5kE7TQ6xK6ypv1XgOo5rmJ5mp+gbVpcvm+KyhfSiNrEDpmMEKopSp7pLNO08g==}
    engines: {node: '>= 0.6'}
    dev: false

  debug@4.3.4:
    resolution: {integrity: sha512-PRWFHuSU3eDtQJPvnEMtqchSFeathvCICc5eJ6c/mQ6kf1QaLWLQMVMZjaPauHgqULW5J7+gc81sCk0gyzfAEw==}
    engines: {node: '>=6.0'}
    peerDependencies:
      supports-color: '*'
    peerDependenciesMeta:
      supports-color:
        optional: true
    dependencies:
      ms: 2.1.3
    dev: false

  depd@2.0.0:
    resolution: {integrity: sha512-g7nH6P6dyDexLiML+XoqnQstjybqWLIXNaBcvsqnH8pDqTowr37zCzNi/E50sp6whuUVOgpwpApnlkd40USPyw==}
    engines: {node: '>= 0.6'}
    dev: false

  destroy@1.0.4:
    resolution: {integrity: sha512-3NdhDuII/WCiy1J+pWLZLCNche3M6b+2l6V6w0ILFmXWuvZnvUcEloPQobkA92e9MKjQdRpTL50p6y/zprocil==}
    engines: {node: '>= 0.8', npm: 1.2.8000 || >= 1.4.16}
    dev: false

  didyoumean@1.2.2:
    resolution: {integrity: sha512-gxtyfqMg7GKyhQmb056K7M3xBS/OwvzvGLLsLR/Hpa9P7tdXwjJUTn0Z0OCr2SgLt7vEkP4w9ZNhs8hnQtznmA==}
    dev: true

  dijkstrajs@1.0.1:
    resolution: {integrity: sha512-vrnD3FF/D7B5AsFNEUtzDkzY1TmyRELcPyjS8CWSY/NvWQQ9DkJVT7pNtsWZFQp7GE7v41919yORuoDucqTWYw==}
    dev: false

  dlv@1.1.3:
    resolution: {integrity: sha512-+HBzSEQW7yh7JGpvkJvj6AtQzo/aD+Oh3lifKT6gG+CzJP5tx3jB3AvVV2U20dMhI00URuvLvCyhWozZ/E6MQ==}
    dev: true

  encode-utf8@1.0.3:
    resolution: {integrity: sha512-ucAnuBEhUZTD5o4btxjrnhlqXIW6Sr5X3kpVTMBoMrgQyS4f4YpFvrEsatmKmMiMeIqAP3f1qXRlmwZn0QAiVw==}
    dev: false

  encodeurl@1.0.2:
    resolution: {integrity: sha512-TPJYc7eY/yaoBALyrMixqJzu4Z+ZRcHbmUspoYsPtn8DyCEofn3jksRrPjcScUlWJXhQQZfIqO29je3XXG2PNg==}
    engines: {node: '>= 0.8'}
    dev: false

  escape-html@1.0.3:
    resolution: {integrity: sha512-NL9Aq7gSMGK2uIP60thqyLDAopen0le1iEppIkAkMvP9iNqk/6T8D5n/5AAN5WVVlBn951RoATfqQIGE6CRWQ==}
    dev: false

  esbuild@0.23.1:
    resolution: {integrity: sha512-VVNz/BCP0DUE2uXeVSwSoHVaVRwiWrJV0nubqVuM6ip3kBRjauGxtT44mnEk2DSAn9512eNGXK7I79VRjF61Xw==}
    engines: {node: '>=18'}
    hasBin: true
    requiresBuild: true
    dev: true
    optional: true

  etag@1.8.1:
    resolution: {integrity: sha512-aIL5Xs5UR0wvtQ27T3z8jsfnWYM3Xj+xMghMA7mk8ZQKq3gYMpLKfRc4L6WxPgl9pq/pKVOVrgKVlU0v+FwQA==}
    engines: {node: '>= 0.6'}
    dev: false

  eventemitter3@5.0.1:
    resolution: {integrity: sha512-GWkBvjiBoy4q1nN1pt4kH5NjDXD3GVjlfy1LAMP5ompf/Qwsxveszctu98OrAoYchecksumValidation==}
    dev: true

  fast-glob@3.3.2:
    resolution: {integrity: sha512-oV+2kHBLQvULsNhtInoFE7DltV/4XYcbQv0n7dwj6kt6LvDTl7ku1q6DLIjSWwtu+DvCMddY3Aq8CTC/sjT0/Q==}
    engines: {node: '>=12.0.0'}
    dependencies:
      '@nodelib/fs.stat': 2.0.5
      '@nodelib/fs.walk': 1.2.8
      glob-parent: 6.0.2
      merge2: 1.4.1
      micromatch: 4.0.5
    dev: true

  finalhandler@1.3.1:
    resolution: {integrity: sha512-6BN9trH7bp3qNIWspA+CvuxSvKfoqakyo5py6JyPEwwNLrKeweIw+VRR7sH+Tds/U9Nuxl9sFvQMVhEjc+vLWw==}
    engines: {node: '>= 0.8'}
    dependencies:
      debug: 4.3.4
      encodeurl: 1.0.2
      escape-html: 1.0.3
      on-finished: 2.4.1
      parseurl: 1.3.3
      statuses: 2.0.1
      unpipe: 1.0.0
    dev: false

  follow-redirects@1.15.6:
    resolution: {integrity: sha512-wWN62YIklBL4fQvMH01owAp3pvtQvF5RVscER/52ehrwq37grEtiq0eXshZiNc/DdyhzsYYYQy+feIvvKqfnlQ==}
    engines: {node: '>=4.0'}
    peerDependencies:
      typescript: '>=4.7.5'
    peerDependenciesMeta:
      typescript:
        optional: true
    dev: false

  form-data@4.0.0:
    resolution: {integrity: sha512-ETEklSGi5EL/qKj4j48CFF7ow7V60Eps4G/qQvvn654zWQlL53+XsUQ4ZxvLWWqkmkW7UUUezVKMurb+8bNrRA==}
    engines: {node: '>= 6'}
    dependencies:
      asynckit: 0.4.0
      combined-stream: 2.0.3
      mime-types: 2.1.35
    dev: false

  fraction.js@4.3.7:
    resolution: {integrity: sha512-ZsDfxO51wGAXREY55a7la9LScWpwv9RxIrUebI6j/cc0dIUmLCtx16beJrQZZScc2kTp2qnsTYfs02+KVp7rZw==}
    dev: true

  fresh@0.5.2:
    resolution: {integrity: sha512-zJ2mQYM18rEFOudeV4GWk5zYLeYU15laFjIq/OjW9Or7Tz4x8XlLB15EVVSykYY6yqLQN4v5tsNuKZy7NuxresQ==}
    engines: {node: '>= 0.6'}
    dev: false

  fsevents@2.3.3:
    resolution: {integrity: sha512-5xoDfX+fL7faATnagmWtdnDvfjfRyncEMLDPB3kAwQyLFklgx+IHmstwjnhQEKKD/1ibVCMqAD5p7HeAwiUSDw==}
    engines: {node: ^8.16.0 || ^10.6.0 || >=11.0.0}
    os: [darwin]
    requiresBuild: true
    dev: true
    optional: true

  get-tsconfig@4.8.0:
    resolution: {integrity: sha512-Gy3yKHa55eoJ3fT+8Yh7vjKHi6S4Rc6AGvHBvl1i0GWaXnJ8p/kWLDDpDH5eD4E3I9eLJzZ5lVSCNq8pcnV7w==}
    peerDependencies:
      typescript: optional: true
    peerDependenciesMeta:
      typescript:
        optional: true
    dependencies:
      resolve-from: 5.0.0
    dev: true

  glob-parent@6.0.2:
    resolution: {integrity: sha512-XxwI8EOhVQgWP6iDL+3b0r86f4d6AX6zSU55HfB4ydCEuXLLc5MeKfRrbUsPeSvoo50ral0ECO734AtYS6KPVw==}
    engines: {node: '>=10.13.0'}
    dependencies:
      is-glob: 4.0.3
    dev: true

  globby@11.1.0:
    resolution: {integrity: sha512-jhIXaOzy1sb8IyocaruWSn1TjmnBVDyO8/tWRslMlSBi6fMqQe74cdcZZlr7vsZt8Z0bfnousYmmG0qoqwhZQw==}
    engines: {node: '>=10'}
    dependencies:
      array-union: 2.1.0
      dir-glob: 3.0.1
      fast-glob: 3.3.2
      ignore: 5.3.0
      merge2: 1.4.1
      slash: 3.0.0
    dev: true

  http-errors@2.0.0:
    resolution: {integrity: sha512-FtwwAYeYGkPath3dVCYZpl1Xixon8zKSLqaOIeNnW3ut3XAggLqq7DsJhlSlg7W0+er1p+yPXNsPnCQSxEAO8g==}
    engines: {node: '>= 0.8'}
    dependencies:
      depd: 2.0.0
      inherits: 2.0.4
      setprototypeof: 1.2.0
      statuses: 2.0.1
      toidentifier: 1.0.1
    dev: false

  iconv-lite@0.6.3:
    resolution: {integrity: sha512-4fCk79wshMV+/HGYmagIErNQP7aoMVD2l9HZwotVvMnSIMZoKxqci4FaZlo1UcKWo+yNigzUUqestas9M5NSend==}
    engines: {node: '>=0.10.0'}
    dependencies:
      safer-buffer: 2.1.2
    dev: false

  iconv-lite@1.4.4:
    resolution: {integrity: sha512-kuoimxd3XsW0vpMaKyMjKvY6m5+2i1E0dAQGCCRKu8b7Vr3C1t0lZt0dVBOx+DqiuHe3h6yRZKPRzC8PzxyS+g==}
    engines: {node: '>=0.10.0'}
    dependencies:
      safer-buffer: 2.1.2
    dev: false

  ignore@5.3.0:
    resolution: {integrity: sha512-g7dmpshy+gD7mh88OvotH0D7JVXDVOcmzRcWpV+8aEvhCYdBiE5HEMkmpnlHgPzC6Xl+efugkMKPB092WaKkBg==}
    engines: {node: '>= 4'}
    dev: true

  inherits@2.0.4:
    resolution: {integrity: sha512-k/vGaX4/Yla3WzyMsP9q5v7hmtbZZ92SZ+fa5t6p/ih2p3DjZAbi4kNVzJvvDZ3D7ayIoDalf6eoKGVesrHMsQ==}
    dev: false

  is-binary-path@2.1.0:
    resolution: {integrity: sha512-ZMERYes6pDydyKGqgJdWFevzsSpbwFCs/f7GRsZFf9RD54lcFS+3+f8V+ii5rQodeorDTOQ7gjRA4q0RfSsiw==}
    engines: {node: '>=8'}
    dependencies:
      binary-extensions: 2.2.0
    dev: true

  is-glob@4.0.3:
    resolution: {integrity: sha512-xelSayHH36ZgE7ZWhli7pW34hNbNl8Ejh16svjE0RPR5PcUKrOvkzjPSekt+gXvXstL (pnpm)