lockfileVersion: "9.0"

settings:
  autoInstallPeers: true
  excludeLinksFromLockfile: false

importers:
  .:
    dependencies:
      "@sendgrid/mail":
        specifier: ^8.1.6
        version: 8.1.6
      bcryptjs:
        specifier: ^3.0.3
        version: 3.0.3
      concurrently:
        specifier: ^8.2.2
        version: 8.2.2
      dotenv:
        specifier: ^17.2.1
        version: 17.2.3
      express:
        specifier: ^5.1.0
        version: 5.1.0
      jsonwebtoken:
        specifier: ^9.0.2
        version: 9.0.2
      node-cron:
        specifier: ^4.2.1
        version: 4.2.1
      pg:
        specifier: ^8.16.3
        version: 8.16.3
      qrcode.react:
        specifier: ^4.2.0
        version: 4.2.0(react@18.3.1)
      zod:
        specifier: ^3.25.76
        version: 3.25.76
    devDependencies:
      "@hookform/resolvers":
        specifier: ^5.2.1
        version: 5.2.2(react-hook-form@7.66.1(react@18.3.1))
      "@radix-ui/react-accordion":
        specifier: ^1.2.11
        version: 1.2.12(@types/react-dom@18.3.7(@types/react@18.3.27))(@types/react@18.3.27)(react-dom@18.3.1(react@18.3.1))(react@18.3.1)
      "@radix-ui/react-alert-dialog":
        specifier: ^1.1.14
        version: 1.1.15(@types/react-dom@18.3.7(@types/react@18.3.27))(@types/react@18.3.27)(react-dom@18.3.1(react@18.3.1))(react@18.3.1)
      "@radix-ui/react-aspect-ratio":
        specifier: ^1.1.7
        version: 1.1.8(@types/react-dom@18.3.7(@types/react@18.3.27))(@types/react@18.3.27)(react-dom@18.3.1(react@18.3.1))(react@18.3.1)
      "@radix-ui/react-avatar":
        specifier: ^1.1.10
        version: 1.1.11(@types/react-dom@18.3.7(@types/react@18.3.27))(@types/react@18.3.27)(react-dom@18.3.1(react@18.3.1))(react@18.3.1)
      "@radix-ui/react-checkbox":
        specifier: ^1.3.2
        version: 1.3.3(@types/react-dom@18.3.7(@types/react@18.3.27))(@types/react@18.3.27)(react-dom@18.3.1(react@18.3.1))(react@18.3.1)
      "@radix-ui/react-collapsible":
        specifier: ^1.1.11
        version: 1.1.12(@types/react-dom@18.3.7(@types/react@18.3.27))(@types/react@18.3.27)(react-dom@18.3.1(react@18.3.1))(react@18.3.1)
      "@radix-ui/react-context-menu":
        specifier: ^2.2.15
        version: 2.2.16(@types/react-dom@18.3.7(@types/react@18.3.27))(@types/react@18.3.27)(react-dom@18.3.1(react@18.3.1))(react@18.3.1)
      "@radix-ui/react-dialog":
        specifier: ^1.1.14
        version: 1.1.15(@types/react-dom@18.3.7(@types/react@18.3.27))(@types/react@18.3.27)(react-dom@18.3.1(react@18.3.1))(react@18.3.1)
      "@radix-ui/react-dropdown-menu":
        specifier: ^2.1.15
        version: 2.1.16(@types/react-dom@18.3.7(@types/react@18.3.27))(@types/react@18.3.27)(react-dom@18.3.1(react@18.3.1))(react@18.3.1)
      "@radix-ui/react-hover-card":
        specifier: ^1.1.14
        version: 1.1.15(@types/react-dom@18.3.7(@types/react@18.3.27))(@types/react@18.3.27)(react-dom@18.3.1(react@18.3.1))(react@18.3.1)
      "@radix-ui/react-label":
        specifier: ^2.1.7
        version: 2.1.8(@types/react-dom@18.3.7(@types/react@18.3.27))(@types/react@18.3.27)(react-dom@18.3.1(react@18.3.1))(react@18.3.1)
      "@radix-ui/react-menubar":
        specifier: ^1.1.15
        version: 1.1.16(@types/react-dom@18.3.7(@types/react@18.3.27))(@types/react@18.3.27)(react-dom@18.3.1(react@18.3.1))(react@18.3.1)
      "@radix-ui/react-navigation-menu":
        specifier: ^1.2.13
        version: 1.2.14(@types/react-dom@18.3.7(@types/react@18.3.27))(@types/react@18.3.27)(react-dom@18.3.1(react@18.3.1))(react@18.3.1)
      "@radix-ui/react-popover":
        specifier: ^1.1.14
        version: 1.1.15(@types/react-dom@18.3.7(@types/react@18.3.27))(@types/react@18.3.27)(react-dom@18.3.1(react@18.3.1))(react@18.3.1)
      "@radix-ui/react-progress":
        specifier: ^1.1.7
        version: 1.1.8(@types/react-dom@18.3.7(@types/react@18.3.27))(@types/react@18.3.27)(react-dom@18.3.1(react@18.3.1))(react@18.3.1)
      "@radix-ui/react-radio-group":
        specifier: ^1.3.7
        version: 1.3.8(@types/react-dom@18.3.7(@types/react@18.3.27))(@types/react@18.3.27)(react-dom@18.3.1(react@18.3.1))(react@18.3.1)
      "@radix-ui/react-scroll-area":
        specifier: ^1.2.9
        version: 1.2.10(@types/react-dom@18.3.7(@types/react@18.3.27))(@types/react@18.3.27)(react-dom@18.3.1(react@18.3.1))(react@18.3.1)
      "@radix-ui/react-select":
        specifier: ^2.2.5
        version: 2.2.6(@types/react-dom@18.3.7(@types/react@18.3.27))(@types/react@18.3.27)(react-dom@18.3.1(react@18.3.1))(react@18.3.1)
      "@radix-ui/react-separator":
        specifier: ^1.1.7
        version: 1.1.8(@types/react-dom@18.3.7(@types/react@18.3.27))(@types/react@18.3.27)(react-dom@18.3.1(react@18.3.1))(react@18.3.1)
      "@radix-ui/react-slider":
        specifier: ^1.3.5
        version: 1.3.6(@types/react-dom@18.3.7(@types/react@18.3.27))(@types/react@18.3.27)(react-dom@18.3.1(react@18.3.1))(react@18.3.1)
      "@radix-ui/react-slot":
        specifier: ^1.2.3
        version: 1.2.4(@types/react@18.3.27)(react@18.3.1)
      "@radix-ui/react-switch":
        specifier: ^1.2.5
        version: 1.2.6(@types/react-dom@18.3.7(@types/react@18.3.27))(@types/react@18.3.27)(react-dom@18.3.1(react@18.3.1))(react@18.3.1)
      "@radix-ui/react-tabs":
        specifier: ^1.1.12
        version: 1.1.13(@types/react-dom@18.3.7(@types/react@18.3.27))(@types/react@18.3.27)(react-dom@18.3.1(react@18.3.1))(react@18.3.1)
      "@radix-ui/react-toast":
        specifier: ^1.2.14
        version: 1.2.15(@types/react-dom@18.3.7(@types/react@18.3.27))(@types/react@18.3.27)(react-dom@18.3.1(react@18.3.1))(react@18.3.1)
      "@radix-ui/react-toggle":
        specifier: ^1.1.9
        version: 1.1.10(@types/react-dom@18.3.7(@types/react@18.3.27))(@types/react@18.3.27)(react-dom@18.3.1(react@18.3.1))(react@18.3.1)
      "@radix-ui/react-toggle-group":
        specifier: ^1.1.10
        version: 1.1.11(@types/react-dom@18.3.7(@types/react@18.3.27))(@types/react@18.3.27)(react-dom@18.3.1(react@18.3.1))(react@18.3.1)
      "@radix-ui/react-tooltip":
        specifier: ^1.2.7
        version: 1.2.8(@types/react-dom@18.3.7(@types/react@18.3.27))(@types/react@18.3.27)(react-dom@18.3.1(react@18.3.1))(react@18.3.1)
      "@react-three/drei":
        specifier: ^9.122.0
        version: 9.122.0(@react-three/fiber@8.18.0(@types/react@18.3.27)(react-dom@18.3.1(react@18.3.1))(react@18.3.1)(three@0.176.0))(@types/react@18.3.27)(@types/three@0.176.0)(react-dom@18.3.1(react@18.3.1))(react@18.3.1)(three@0.176.0)(use-sync-external-store@1.6.0(react@18.3.1))
      "@react-three/fiber":
        specifier: ^8.18.0
        version: 8.18.0(@types/react@18.3.27)(react-dom@18.3.1(react@18.3.1))(react@18.3.1)(three@0.176.0)
      "@swc/core":
        specifier: ^1.13.3
        version: 1.15.3
      "@tailwindcss/typography":
        specifier: ^0.5.16
        version: 0.5.19(tailwindcss@3.4.18(tsx@4.20.6))
      "@tanstack/react-query":
        specifier: ^5.84.2
        version: 5.90.11(react@18.3.1)
      "@types/cors":
        specifier: ^2.8.19
        version: 2.8.19
      "@types/express":
        specifier: ^5.0.3
        version: 5.0.5
      "@types/node":
        specifier: ^24.2.1
        version: 24.10.1
      "@types/pg":
        specifier: ^8.15.6
        version: 8.15.6
      "@types/react":
        specifier: ^18.3.23
        version: 18.3.27
      "@types/react-dom":
        specifier: ^18.3.7
        version: 18.3.7(@types/react@18.3.27)
      "@types/three":
        specifier: ^0.176.0
        version: 0.176.0
      "@vitejs/plugin-react-swc":
        specifier: ^4.0.0
        version: 4.2.2(vite@7.2.4(@types/node@24.10.1)(jiti@1.21.7)(tsx@4.20.6))
      autoprefixer:
        specifier: ^10.4.21
        version: 10.4.22(postcss@8.5.6)
      class-variance-authority:
        specifier: ^0.7.1
        version: 0.7.1
      clsx:
        specifier: ^2.1.1
        version: 2.1.1
      cmdk:
        specifier: ^1.1.1
        version: 1.1.1(@types/react-dom@18.3.7(@types/react@18.3.27))(@types/react@18.3.27)(react-dom@18.3.1(react@18.3.1))(react@18.3.1)
      cors:
        specifier: ^2.8.5
        version: 2.8.5
      date-fns:
        specifier: ^4.1.0
        version: 4.1.0
      embla-carousel-react:
        specifier: ^8.6.0
        version: 8.6.0(react@18.3.1)
      framer-motion:
        specifier: ^12.23.12
        version: 12.23.24(react-dom@18.3.1(react@18.3.1))(react@18.3.1)
      globals:
        specifier: ^16.3.0
        version: 16.5.0
      input-otp:
        specifier: ^1.4.2
        version: 1.4.2(react-dom@18.3.1(react@18.3.1))(react@18.3.1)
      lucide-react:
        specifier: ^0.539.0
        version: 0.539.0(react@18.3.1)
      next-themes:
        specifier: ^0.4.6
        version: 0.4.6(react-dom@18.3.1(react@18.3.1))(react@18.3.1)
      postcss:
        specifier: ^8.5.6
        version: 8.5.6
      prettier:
        specifier: ^3.6.2
        version: 3.7.1
      react:
        specifier: ^18.3.1
        version: 18.3.1
      react-day-picker:
        specifier: ^9.8.1
        version: 9.11.2(react@18.3.1)
      react-dom:
        specifier: ^18.3.1
        version: 18.3.1(react@18.3.1)
      react-hook-form:
        specifier: ^7.62.0
        version: 7.66.1(react@18.3.1)
      react-resizable-panels:
        specifier: ^3.0.4
        version: 3.0.6(react-dom@18.3.1(react@18.3.1))(react@18.3.1)
      react-router-dom:
        specifier: ^6.30.1
        version: 6.30.2(react-dom@18.3.1(react@18.3.1))(react@18.3.1)
      recharts:
        specifier: ^2.12.7
        version: 2.15.4(react-dom@18.3.1(react@18.3.1))(react@18.3.1)
      serverless-http:
        specifier: ^3.2.0
        version: 3.2.0
      sonner:
        specifier: ^1.7.4
        version: 1.7.4(react-dom@18.3.1(react@18.3.1))(react@18.3.1)
      tailwind-merge:
        specifier: ^2.6.0
        version: 2.6.0
      tailwindcss:
        specifier: ^3.4.17
        version: 3.4.18(tsx@4.20.6)
      tailwindcss-animate:
        specifier: ^1.0.7
        version: 1.0.7(tailwindcss@3.4.18(tsx@4.20.6))
      three:
        specifier: ^0.176.0
        version: 0.176.0
      tsx:
        specifier: ^4.20.3
        version: 4.20.6
      typescript:
        specifier: ^5.9.2
        version: 5.9.3
      vaul:
        specifier: ^1.1.2
        version: 1.1.2(@types/react-dom@18.3.7(@types/react@18.3.27))(@types/react@18.3.27)(react-dom@18.3.1(react@18.3.1))(react@18.3.1)
      vite:
        specifier: ^7.1.2
        version: 7.2.4(@types/node@24.10.1)(jiti@1.21.7)(tsx@4.20.6)
      vitest:
        specifier: ^3.2.4
        version: 3.2.4(@types/node@24.10.1)(jiti@1.21.7)(tsx@4.20.6)

packages:
  "@alloc/quick-lru@5.2.0":
    resolution:
      {
        integrity: sha512-UrcABB+4bUrFABwbluTIBErXwvbsU/V7TZWfmbgJfbkwiBuziS9gxdODUyuiecfdGQ85jglMW6juS3+z5TsKLw==,
      }
    engines: { node: ">=10" }

  "@babel/runtime@7.28.4":
    resolution:
      {
        integrity: sha512-Q/N6JNWvIvPnLDvjlE1OUBLPQHH6l3CltCEsHIujp45zQUSSh8K+gHnaEX45yAT1nyngnINhvWtzN+Nb9D8RAQ==,
      }
    engines: { node: ">=6.9.0" }

  "@date-fns/tz@1.4.1":
    resolution:
      {
        integrity: sha512-P5LUNhtbj6YfI3iJjw5EL9eUAG6OitD0W3fWQcpQjDRc/QIsL0tRNuO1PcDvPccWL1fSTXXdE1ds+l95DV/OFA==,
      }

  "@dimforge/rapier3d-compat@0.12.0":
    resolution:
      {
        integrity: sha512-uekIGetywIgopfD97oDL5PfeezkFpNhwlzlaEYNOA0N6ghdsOvh/HYjSMek5Q2O1PYvRSDFcqFVJl4r4ZBwOow==,
      }
